PackratFormat: 1.4
PackratVersion: 0.5.0
RVersion: 3.6.2
Repos: CRAN=https://cloud.r-project.org

Package: BH
Source: CRAN
Version: 1.69.0-1
Hash: 15f597ed227897f4f793b6161260f4b9

Package: FNN
Source: CRAN
Version: 1.1.3
Hash: ad1a8aaa36a3ad406ef960e5b37984d0

Package: Formula
Source: CRAN
Version: 1.2-3
Hash: 9772da3bc51603a19a2b75f008fd63e3

Package: Hmisc
Source: CRAN
Version: 4.2-0
Hash: 785fae3e102162232f1c8934b9f7725b
Requires: Formula, acepack, base64enc, data.table, ggplot2, gridExtra,
    gtable, htmlTable, htmltools, latticeExtra, viridis

Package: R6
Source: CRAN
Version: 2.4.0
Hash: 948a547c484e5bea15eee76cc53cce3f

Package: RColorBrewer
Source: CRAN
Version: 1.1-2
Hash: c0d56cd15034f395874c870141870c25

Package: RJSONIO
Source: CRAN
Version: 1.3-1.2
Hash: c1703c9897fd015c3a78fa11db4c3bfe

Package: RSAGA
Source: CRAN
Version: 1.3.0
Hash: 113c288e9f634a9d3f76ae39924df608
Requires: gstat, magrittr, plyr, rgdal, shapefiles, stringr

Package: Rcpp
Source: CRAN
Version: 1.0.2
Hash: d04e441a8d398e3d3a71f294c07fa94d

Package: TTR
Source: CRAN
Version: 0.23-5
Hash: 3f2412d0d88699e473df695b370317a8
Requires: curl, xts, zoo

Package: XML
Source: CRAN
Version: 3.98-1.20
Hash: bf2d8ed9d5fb16209c9fc8ceccb94cf5

Package: acepack
Source: CRAN
Version: 1.4.1
Hash: 5ed3b04bc1fa1a934188fc6022d3ba7c

Package: aqp
Source: CRAN
Version: 1.17
Hash: ac5d989ec81faa75ac6a2816038d9a32
Requires: Hmisc, RColorBrewer, digest, plotrix, plyr, reshape, scales,
    sp, stringr

Package: askpass
Source: CRAN
Version: 1.1
Hash: 6f6c430e3cd0dd7d48f447700f4d7e7f
Requires: sys

Package: assertthat
Source: CRAN
Version: 0.2.1
Hash: 622be49032fe50bd42e96aaef613e209

Package: backports
Source: CRAN
Version: 1.1.4
Hash: e88df919a68845e664e019570e2251b6

Package: base64enc
Source: CRAN
Version: 0.1-3
Hash: c590d29e555926af053055e23ee79efb

Package: broom
Source: CRAN
Version: 0.5.2
Hash: 2c1abd749c826a39101a156ed0afc9be
Requires: backports, dplyr, generics, purrr, reshape2, stringr, tibble,
    tidyr

Package: callr
Source: CRAN
Version: 3.3.2
Hash: 7661e5194cbbe511957b2fb621516c1b
Requires: R6, processx

Package: checkmate
Source: CRAN
Version: 1.9.4
Hash: 689511d61e6e29c8e5ce943edc8e6dfa
Requires: backports

Package: classInt
Source: CRAN
Version: 0.4-1
Hash: 643e3998a2ecad76213ae093fc3de405
Requires: e1071

Package: cli
Source: CRAN
Version: 1.1.0
Hash: bc4e54014c2049f2605ad0c3ba0cce6b
Requires: assertthat, crayon

Package: colorRamps
Source: CRAN
Version: 2.3
Hash: d96002cc5a5865a552486c392e39f5ed

Package: colorspace
Source: CRAN
Version: 1.4-1
Hash: 60a56e9998b8b58ee378db3dc91b27a5

Package: crayon
Source: CRAN
Version: 1.3.4
Hash: ff2840dd9b0d563fc80377a5a45510cd

Package: crosstalk
Source: CRAN
Version: 1.0.0
Hash: c13adea5906fbe2becfcb5f843b26749
Requires: R6, ggplot2, htmltools, jsonlite, lazyeval, shiny

Package: curl
Source: CRAN
Version: 4.2
Hash: 3d7392b36f838a538683f98e580f35dd

Package: cyclocomp
Source: CRAN
Version: 1.1.0
Hash: 133e3c2a4de6924cc4bc4716970ef09e
Requires: callr, crayon, desc, remotes, withr

Package: data.table
Source: CRAN
Version: 1.12.2
Hash: b1642cf2ee0ab1d1b152ffacdb4401f7

Package: debugme
Source: CRAN
Version: 1.1.0
Hash: c233690edd9fa17a63f7c8d83c1ca153
Requires: crayon

Package: desc
Source: CRAN
Version: 1.2.0
Hash: a0a3ca939997679a52816bae4ed6aaae
Requires: R6, assertthat, crayon, rprojroot

Package: digest
Source: CRAN
Version: 0.6.21
Hash: b75f091dd438a0ed4d858a3e415e054c

Package: dismo
Source: CRAN
Version: 1.1-4
Hash: 0d86f3c4674528fb475c104b458a0b31
Requires: raster, sp

Package: dplyr
Source: CRAN
Version: 0.8.3
Hash: 201287c2b23cff8b2ef156ec8b1e57f2
Requires: BH, R6, Rcpp, assertthat, glue, magrittr, pkgconfig, plogr,
    rlang, tibble, tidyselect

Package: e1071
Source: CRAN
Version: 1.7-2
Hash: 5335741cd499293a720f8d6351bf3a90

Package: ellipsis
Source: CRAN
Version: 0.3.0
Hash: 30b58109e4d7c6184a9c2e32f9ae38c6
Requires: rlang

Package: evaluate
Source: CRAN
Version: 0.14
Hash: 18306cc3bc1aec7b7360eea8a0eb0ee1

Package: fansi
Source: CRAN
Version: 0.4.0
Hash: f147621f72b561485bfffcae78c4f5d5

Package: generics
Source: CRAN
Version: 0.0.2
Hash: 4aaf002dd434e8c854611c5d11a1d58e

Package: ggplot2
Source: CRAN
Version: 3.2.1
Hash: 7cf3f9df0089475f133ec23befca1032
Requires: digest, gtable, lazyeval, reshape2, rlang, scales, tibble,
    viridisLite, withr

Package: glue
Source: CRAN
Version: 1.3.1
Hash: 660bbbe3803c7cf7c9489a7d99a9c0ed

Package: gridExtra
Source: CRAN
Version: 2.3
Hash: fa977bc1aab5588a08123b10ceb1ad3d
Requires: gtable

Package: gstat
Source: CRAN
Version: 2.0-2
Hash: a76f8f3b98bba735e5d245c5f79c4069
Requires: FNN, sp, spacetime, zoo

Package: gtable
Source: CRAN
Version: 0.3.0
Hash: a9e7b0666eb933a0cb36779240b4462e

Package: highcharter
Source: CRAN
Version: 0.7.0
Hash: ef22a390c239c8244944e1736b2cff8f
Requires: assertthat, broom, crosstalk, dplyr, htmltools, htmlwidgets,
    igraph, jsonlite, lubridate, magrittr, purrr, quantmod, rlang,
    rlist, stringr, tibble, tidyr, whisker, xts, yaml, zoo

Package: highr
Source: CRAN
Version: 0.8
Hash: 16aa2cc98d7b68c9d148c263c8dcdbcd

Package: htmlTable
Source: CRAN
Version: 1.13.1
Hash: 07cae3d810dfd567a6004c78e6c638cb
Requires: checkmate, htmltools, htmlwidgets, knitr, magrittr,
    rstudioapi, stringr

Package: htmltools
Source: CRAN
Version: 0.3.6
Hash: 4a0c306e40c3a86c22f87aaf9e639af5
Requires: Rcpp, digest

Package: htmlwidgets
Source: CRAN
Version: 1.3
Hash: 17a2248b5e40383a1cb1a4e4cb5f9c7a
Requires: htmltools, jsonlite, yaml

Package: httpuv
Source: CRAN
Version: 1.5.2
Hash: 02c5d6690357a7f768329bb7449ab5e6
Requires: BH, R6, Rcpp, later, promises

Package: httr
Source: CRAN
Version: 1.4.1
Hash: cc16de93eaabd3c6d0785cb8e6d059ab
Requires: R6, curl, jsonlite, mime, openssl

Package: igraph
Source: CRAN
Version: 1.2.4.1
Hash: 0d76047f1a1aa89e989018646a78d462
Requires: magrittr, pkgconfig

Package: intervals
Source: CRAN
Version: 0.15.1
Hash: 26e23563c50548f8588a112a4baaa297

Package: jsonlite
Source: CRAN
Version: 1.6
Hash: 5f969e213e966135393e3e304abf3f49

Package: knitr
Source: CRAN
Version: 1.25
Hash: c0b5316240a79d38f4785884b95a9609
Requires: evaluate, highr, markdown, stringr, xfun, yaml

Package: labeling
Source: CRAN
Version: 0.3
Hash: ecf589b42cd284b03a4beb9665482d3e

Package: later
Source: CRAN
Version: 0.8.0
Hash: 1ddfc6ff3e40908eee240caa379fd032
Requires: BH, Rcpp, rlang

Package: latticeExtra
Source: CRAN
Version: 0.6-28
Hash: efdf3a10a129129f7b8f4ae5a0d7ec3d
Requires: RColorBrewer

Package: lazyeval
Source: CRAN
Version: 0.2.2
Hash: 563563691bea3cde6945a98996d7c166

Package: leaflet
Source: CRAN
Version: 2.0.2
Hash: da55402e4875c0253df918df0e97d4c4
Requires: RColorBrewer, base64enc, crosstalk, htmltools, htmlwidgets,
    magrittr, markdown, png, raster, scales, sp, viridis

Package: lifecycle
Source: CRAN
Version: 0.1.0
Hash: fd2ceffa778c010fab2df12b2eccd835
Requires: glue, rlang

Package: lintr
Source: CRAN
Version: 2.0.0
Hash: a97e86b526fa0ba620c9017681304761
Requires: crayon, cyclocomp, digest, httr, jsonlite, knitr, rex,
    rstudioapi, stringdist, testthat, xml2, xmlparsedata

Package: lubridate
Source: CRAN
Version: 1.7.4
Hash: 1ea7526e3b50f96340b9a4a1c7521809
Requires: Rcpp, stringr

Package: magrittr
Source: CRAN
Version: 1.5
Hash: bdc4d48c3135e8f3b399536ddf160df4

Package: markdown
Source: CRAN
Version: 1.1
Hash: 1b6a18fd395589425e338a47b999099f
Requires: mime, xfun

Package: mime
Source: CRAN
Version: 0.7
Hash: 0d7563caf453c231b6f8c359c51eecc2

Package: munsell
Source: CRAN
Version: 0.5.0
Hash: 38d0efee9bb99bef143bde41c4ce715c
Requires: colorspace

Package: openssl
Source: CRAN
Version: 1.4.1
Hash: b01fe6ae05ec2a30a777dc338af5bf69
Requires: askpass

Package: packrat
Source: CRAN
Version: 0.5.0
Hash: 498643e765d1442ba7b1160a1df3abf9

Package: parsedate
Source: CRAN
Version: 1.2.0
Hash: 289aca3d85861a48b5a91aa2c49fbe50
Requires: rematch2

Package: pillar
Source: CRAN
Version: 1.4.2
Hash: 28ff1862b4e0c8761efca442e80a63d8
Requires: cli, crayon, fansi, rlang, utf8, vctrs

Package: pingr
Source: CRAN
Version: 2.0.0
Hash: 4319194b72ee7820c54fbd284923f869
Requires: processx

Package: pixmap
Source: CRAN
Version: 0.4-11
Hash: 7fb7f9a871c381ec3a5b5799b4453faf

Package: pkgbuild
Source: CRAN
Version: 1.0.6
Hash: f41de345bf0dda984cce64a7ea668ea4
Requires: R6, callr, cli, crayon, desc, prettyunits, rprojroot, withr

Package: pkgconfig
Source: CRAN
Version: 2.0.2
Hash: b0fd6ed908e150b77e5f00c6478bd58c

Package: pkgload
Source: CRAN
Version: 1.0.2
Hash: 41eb2db35be61f6f9e8864cf87a1ecb0
Requires: desc, pkgbuild, rlang, rprojroot, rstudioapi, withr

Package: plogr
Source: CRAN
Version: 0.2.0
Hash: 81a8008a5e7858552503935f1abe48aa

Package: plotKML
Source: CRAN
Version: 0.5-9
Hash: 47f217f43539a015d5ae481208a2fe77
Requires: RColorBrewer, RSAGA, XML, aqp, classInt, colorRamps,
    colorspace, dismo, gstat, pixmap, plotrix, plyr, raster, rgdal,
    scales, sp, spacetime, stringr, zoo

Package: plotrix
Source: CRAN
Version: 3.7-6
Hash: e29ad5c541f9e8a55206c094f0b9841e

Package: plyr
Source: CRAN
Version: 1.8.4
Hash: 5c3737d7c1846e30d40c8c38110b5fcd
Requires: Rcpp

Package: png
Source: CRAN
Version: 0.1-7
Hash: 421d7d6e0fb4bd885ecbd909b6456b8b

Package: praise
Source: CRAN
Version: 1.0.0
Hash: 77da8f1df873a4b91e5c4a68fe2fb1b6

Package: prettyunits
Source: CRAN
Version: 1.0.2
Hash: 49286102a855640daaa38eafe8b1ec30
Requires: assertthat, magrittr

Package: processx
Source: CRAN
Version: 3.4.1
Hash: 5c1f432b290b26ccc2aaaa8ff1fd2f62
Requires: R6, ps

Package: promises
Source: CRAN
Version: 1.0.1
Hash: e1ac352d25f1cee847e7cd0984b10dc1
Requires: R6, Rcpp, later, magrittr, rlang

Package: ps
Source: CRAN
Version: 1.3.0
Hash: 1d4cae95887ffe5b1a22bea5994476cd

Package: purrr
Source: CRAN
Version: 0.3.2
Hash: d7bb7f62bb3af2d6510f50cb7190a060
Requires: magrittr, rlang

Package: pxR
Source: CRAN
Version: 0.42.2
Hash: 201ec89d99e25cda7e1d71b5bb039f6a
Requires: RJSONIO, plyr, reshape2, stringr

Package: quantmod
Source: CRAN
Version: 0.4-15
Hash: 2eb33f27415a0e675414aafca88a83b4
Requires: TTR, curl, xts, zoo

Package: raster
Source: CRAN
Version: 3.0-2
Hash: 5e8dd7be2da120247927e6d26c02e337
Requires: Rcpp, sp

Package: rematch
Source: CRAN
Version: 1.0.1
Hash: ad4faf59e7611117ff165817074c50c7

Package: rematch2
Source: CRAN
Version: 2.1.0
Hash: 81eaeddde6cbc03e7d074e96bff4b9d6
Requires: tibble

Package: remotes
Source: CRAN
Version: 2.1.0
Hash: 3e0c7be315f7373f63989166181bfdcb

Package: reshape
Source: CRAN
Version: 0.8.8
Hash: 77b6a96819c0a99bbfc141526b60ce5a
Requires: plyr

Package: reshape2
Source: CRAN
Version: 1.4.3
Hash: b7ea8a2e7a9df39c2346e78bd83e26f8
Requires: Rcpp, plyr, stringr

Package: rex
Source: CRAN
Version: 1.1.2
Hash: 57541aaae58f1a284a398f5c62c95097
Requires: lazyeval, magrittr

Package: rgdal
Source: CRAN
Version: 1.4-4
Hash: 58e3b16b81ccc7324060c06514e9a497
Requires: sp

Package: rlang
Source: CRAN
Version: 0.4.2
Hash: c5cfcde637bbff4e42edad2e69dac5c7

Package: rlist
Source: CRAN
Version: 0.4.6.1
Hash: 4900e17a86fa510778fd99079c905d5d
Requires: XML, data.table, jsonlite, yaml

Package: rprojroot
Source: CRAN
Version: 1.3-2
Hash: a25c3f70c166fb3fbabc410eb32b6366
Requires: backports

Package: rstudioapi
Source: CRAN
Version: 0.10
Hash: 63f43c6ff14d92e1d65ca6c21d45a1eb

Package: scales
Source: CRAN
Version: 1.0.0
Hash: f4f1b13b6774ee3122a36466d1bc50b8
Requires: R6, RColorBrewer, Rcpp, labeling, munsell, viridisLite

Package: shapefiles
Source: CRAN
Version: 0.7
Hash: 57446037bb54a510f1d51d6675eb60ef

Package: shiny
Source: CRAN
Version: 1.3.2
Hash: a48cf01573400333efa51dc999ab6447
Requires: R6, crayon, digest, htmltools, httpuv, jsonlite, later, mime,
    promises, rlang, sourcetools, xtable

Package: shinydashboard
Source: CRAN
Version: 0.7.1
Hash: 9ff3e3d1aa83d9ae9b75c6f31e982aa6
Requires: htmltools, promises, shiny

Package: shinyjs
Source: CRAN
Version: 1.0
Hash: ea95f751025e50227a96100be35e970b
Requires: digest, htmltools, jsonlite, shiny

Package: shinytest
Source: CRAN
Version: 1.3.1
Hash: cc8a251b4a57d62f2d2367a2de90ef3b
Requires: R6, assertthat, callr, crayon, debugme, digest, htmlwidgets,
    httpuv, httr, jsonlite, parsedate, pingr, rematch, rstudioapi,
    shiny, testthat, webdriver, withr

Package: showimage
Source: CRAN
Version: 1.0.0
Hash: f058f6b423455d7267a39f920b1d1a64
Requires: png

Package: sourcetools
Source: CRAN
Version: 0.1.7
Hash: d093478ac90064e670cd4bf1a99b47b6

Package: sp
Source: CRAN
Version: 1.3-1
Hash: 01decf1327caff54d7822434d07fa959

Package: spacetime
Source: CRAN
Version: 1.2-2
Hash: f4041341e1db8b4c1a8a0a04ae4996c1
Requires: intervals, sp, xts, zoo

Package: stringdist
Source: CRAN
Version: 0.9.5.5
Hash: 77f97dc936679c242382828193ffbb0a

Package: stringi
Source: CRAN
Version: 1.4.3
Hash: ed2a82fc7cc668c1345223d938cdfaf2

Package: stringr
Source: CRAN
Version: 1.4.0
Hash: 67da32dbb2a7a16f2ef124336358e54a
Requires: glue, magrittr, stringi

Package: sys
Source: CRAN
Version: 3.3
Hash: d5a4afad9298f42aae77f6389713a066

Package: testthat
Source: CRAN
Version: 2.3.1
Hash: 08a7645752835e2708c9bdf681409532
Requires: R6, cli, crayon, digest, ellipsis, evaluate, magrittr,
    pkgload, praise, rlang, withr

Package: tibble
Source: CRAN
Version: 2.1.3
Hash: f59680d81ddc45fa3fcb8c07686d1d89
Requires: cli, crayon, fansi, pillar, pkgconfig, rlang

Package: tidyr
Source: CRAN
Version: 1.0.0
Hash: 52f95ddff9a8bbc8e5d7dc0050d6cda4
Requires: Rcpp, dplyr, ellipsis, glue, lifecycle, magrittr, purrr,
    rlang, stringi, tibble, tidyselect, vctrs

Package: tidyselect
Source: CRAN
Version: 0.2.5
Hash: 9ab4ed03f4b7bbdbd1db9d7a920aae1a
Requires: Rcpp, glue, purrr, rlang

Package: utf8
Source: CRAN
Version: 1.1.4
Hash: f3f97ce59092abc8ed3fd098a59e236c

Package: vctrs
Source: CRAN
Version: 0.2.0
Hash: daf77cb3dbcacd7fb619cb3748dc215f
Requires: backports, digest, ellipsis, glue, rlang, zeallot

Package: viridis
Source: CRAN
Version: 0.5.1
Hash: 39edaec2078b4fc928afb73cc1ce6625
Requires: ggplot2, gridExtra, viridisLite

Package: viridisLite
Source: CRAN
Version: 0.3.0
Hash: 78bb072c4f9e729a283d4c40ec93f9c6

Package: webdriver
Source: CRAN
Version: 1.0.5
Hash: 886b77eebfb8ba4fbfa31935fb8fd19b
Requires: R6, base64enc, callr, curl, debugme, httr, jsonlite,
    showimage, withr

Package: whisker
Source: CRAN
Version: 0.4
Hash: 5b1ec05cd96c1e0c6048bab49abee3aa

Package: withr
Source: CRAN
Version: 2.1.2
Hash: d534108bcd5f34ec73e9eb523751ba20

Package: xfun
Source: CRAN
Version: 0.9
Hash: 66003709a6aa47339b94a2aef066bddb

Package: xml2
Source: CRAN
Version: 1.2.2
Hash: c5258a3beb15da46d4682eda667bf5ec
Requires: Rcpp

Package: xmlparsedata
Source: CRAN
Version: 1.0.3
Hash: 4040c9b60e76a9950dd171e77c338b86

Package: xtable
Source: CRAN
Version: 1.8-4
Hash: dc0d47261b678d26032363bebd050540

Package: xts
Source: CRAN
Version: 0.11-2
Hash: 3f65fbbaab9da4664ecc1c003f5e8929
Requires: zoo

Package: yaml
Source: CRAN
Version: 2.2.0
Hash: a5ad5616d83d89f8d84cbf3cf4034e13

Package: zeallot
Source: CRAN
Version: 0.1.0
Hash: 10b2ed48e202b4db421ae864041dc4b2

Package: zoo
Source: CRAN
Version: 1.8-6
Hash: 4a02754c8bc0522b2d528ddf2452c835
